// !$*UTF8*$!
{
	archiveVersion = 1;
	classes = {
	};
	objectVersion = 50;
	objects = {

/* Begin PBXBuildFile section */
		BB105F80217BC70F00766F66 /* NativeFileSOMac.bundle in Copy Files */ = {isa = PBXBuildFile; fileRef = BB4EB5DE2152BB7B0059A003 /* NativeFileSOMac.bundle */; };
		BB4EB5EA2152BB8E0059A003 /* Plugin.mm in Sources */ = {isa = PBXBuildFile; fileRef = BB4EB5E72152BB8E0059A003 /* Plugin.mm */; };
		BB4EB5EB2152BB8E0059A003 /* NativeFileSO.m in Sources */ = {isa = PBXBuildFile; fileRef = BB4EB5E92152BB8E0059A003 /* NativeFileSO.m */; };
		BB4EB5EE2152BBA00059A003 /* AppKit.framework in Frameworks */ = {isa = PBXBuildFile; fileRef = BB4EB5ED2152BBA00059A003 /* AppKit.framework */; };
/* End PBXBuildFile section */

/* Begin PBXCopyFilesBuildPhase section */
		BB105F7F217BC6CD00766F66 /* Copy Files */ = {
			isa = PBXCopyFilesBuildPhase;
			buildActionMask = 2147483647;
			dstPath = "$(PROJECT_DIR)/../../../Assets/Plugins/NativeFileSO/macOS";
			dstSubfolderSpec = 0;
			files = (
				BB105F80217BC70F00766F66 /* NativeFileSOMac.bundle in Copy Files */,
			);
			name = "Copy Files";
			runOnlyForDeploymentPostprocessing = 0;
		};
/* End PBXCopyFilesBuildPhase section */

/* Begin PBXFileReference section */
		BB4EB5DE2152BB7B0059A003 /* NativeFileSOMac.bundle */ = {isa = PBXFileReference; explicitFileType = wrapper.cfbundle; includeInIndex = 0; path = NativeFileSOMac.bundle; sourceTree = BUILT_PRODUCTS_DIR; };
		BB4EB5E12152BB7B0059A003 /* Info.plist */ = {isa = PBXFileReference; lastKnownFileType = text.plist.xml; path = Info.plist; sourceTree = "<group>"; };
		BB4EB5E72152BB8E0059A003 /* Plugin.mm */ = {isa = PBXFileReference; fileEncoding = 4; lastKnownFileType = sourcecode.cpp.objcpp; path = Plugin.mm; sourceTree = "<group>"; };
		BB4EB5E82152BB8E0059A003 /* NativeFileSO.h */ = {isa = PBXFileReference; fileEncoding = 4; lastKnownFileType = sourcecode.c.h; path = NativeFileSO.h; sourceTree = "<group>"; };
		BB4EB5E92152BB8E0059A003 /* NativeFileSO.m */ = {isa = PBXFileReference; fileEncoding = 4; lastKnownFileType = sourcecode.c.objc; path = NativeFileSO.m; sourceTree = "<group>"; };
		BB4EB5ED2152BBA00059A003 /* AppKit.framework */ = {isa = PBXFileReference; lastKnownFileType = wrapper.framework; name = AppKit.framework; path = System/Library/Frameworks/AppKit.framework; sourceTree = SDKROOT; };
		BB96E1AF217C83BA00753A6A /* UnityCallbackFunction.h */ = {isa = PBXFileReference; lastKnownFileType = sourcecode.c.h; path = UnityCallbackFunction.h; sourceTree = "<group>"; };
/* End PBXFileReference section */

/* Begin PBXFrameworksBuildPhase section */
		BB4EB5DB2152BB7B0059A003 /* Frameworks */ = {
			isa = PBXFrameworksBuildPhase;
			buildActionMask = 2147483647;
			files = (
				BB4EB5EE2152BBA00059A003 /* AppKit.framework in Frameworks */,
			);
			runOnlyForDeploymentPostprocessing = 0;
		};
/* End PBXFrameworksBuildPhase section */

/* Begin PBXGroup section */
		BB4EB5D52152BB7A0059A003 = {
			isa = PBXGroup;
			children = (
				BB4EB5E02152BB7B0059A003 /* NativeFileSOMac */,
				BB4EB5DF2152BB7B0059A003 /* Products */,
				BB4EB5EC2152BBA00059A003 /* Frameworks */,
			);
			sourceTree = "<group>";
		};
		BB4EB5DF2152BB7B0059A003 /* Products */ = {
			isa = PBXGroup;
			children = (
				BB4EB5DE2152BB7B0059A003 /* NativeFileSOMac.bundle */,
			);
			name = Products;
			sourceTree = "<group>";
		};
		BB4EB5E02152BB7B0059A003 /* NativeFileSOMac */ = {
			isa = PBXGroup;
			children = (
				BB4EB5E82152BB8E0059A003 /* NativeFileSO.h */,
				BB4EB5E92152BB8E0059A003 /* NativeFileSO.m */,
				BB4EB5E72152BB8E0059A003 /* Plugin.mm */,
				BB4EB5E12152BB7B0059A003 /* Info.plist */,
				BB96E1AF217C83BA00753A6A /* UnityCallbackFunction.h */,
			);
			path = NativeFileSOMac;
			sourceTree = "<group>";
		};
		BB4EB5EC2152BBA00059A003 /* Frameworks */ = {
			isa = PBXGroup;
			children = (
				BB4EB5ED2152BBA00059A003 /* AppKit.framework */,
			);
			name = Frameworks;
			sourceTree = "<group>";
		};
/* End PBXGroup section */

/* Begin PBXNativeTarget section */
		BB4EB5DD2152BB7B0059A003 /* NativeFileSOMac */ = {
			isa = PBXNativeTarget;
			buildConfigurationList = BB4EB5E42152BB7B0059A003 /* Build configuration list for PBXNativeTarget "NativeFileSOMac" */;
			buildPhases = (
				BB4EB5DA2152BB7B0059A003 /* Sources */,
				BB4EB5DB2152BB7B0059A003 /* Frameworks */,
				BB4EB5DC2152BB7B0059A003 /* Resources */,
				BB105F7F217BC6CD00766F66 /* Copy Files */,
			);
			buildRules = (
			);
			dependencies = (
			);
			name = NativeFileSOMac;
			productName = NativeFileSOMac;
			productReference = BB4EB5DE2152BB7B0059A003 /* NativeFileSOMac.bundle */;
			productType = "com.apple.product-type.bundle";
		};
/* End PBXNativeTarget section */

/* Begin PBXProject section */
		BB4EB5D62152BB7A0059A003 /* Project object */ = {
			isa = PBXProject;
			attributes = {
				LastUpgradeCheck = 0940;
				ORGANIZATIONNAME = "Keiwan Donyagard";
				TargetAttributes = {
					BB4EB5DD2152BB7B0059A003 = {
						CreatedOnToolsVersion = 9.4;
					};
				};
			};
			buildConfigurationList = BB4EB5D92152BB7A0059A003 /* Build configuration list for PBXProject "NativeFileSOMac" */;
			compatibilityVersion = "Xcode 9.3";
			developmentRegion = en;
			hasScannedForEncodings = 0;
			knownRegions = (
				en,
			);
			mainGroup = BB4EB5D52152BB7A0059A003;
			productRefGroup = BB4EB5DF2152BB7B0059A003 /* Products */;
			projectDirPath = "";
			projectRoot = "";
			targets = (
				BB4EB5DD2152BB7B0059A003 /* NativeFileSOMac */,
			);
		};
/* End PBXProject section */

/* Begin PBXResourcesBuildPhase section */
		BB4EB5DC2152BB7B0059A003 /* Resources */ = {
			isa = PBXResourcesBuildPhase;
			buildActionMask = 2147483647;
			files = (
			);
			runOnlyForDeploymentPostprocessing = 0;
		};
/* End PBXResourcesBuildPhase section */

/* Begin PBXSourcesBuildPhase section */
		BB4EB5DA2152BB7B0059A003 /* Sources */ = {
			isa = PBXSourcesBuildPhase;
			buildActionMask = 2147483647;
			files = (
				BB4EB5EB2152BB8E0059A003 /* NativeFileSO.m in Sources */,
				BB4EB5EA2152BB8E0059A003 /* Plugin.mm in Sources */,
			);
			runOnlyForDeploymentPostprocessing = 0;
		};
/* End PBXSourcesBuildPhase section */

/* Begin XCBuildConfiguration section */
		BB4EB5E22152BB7B0059A003 /* Debug */ = {
			isa = XCBuildConfiguration;
			buildSettings = {
				ALWAYS_SEARCH_USER_PATHS = NO;
				CLANG_ANALYZER_NONNULL = YES;
				CLANG_ANALYZER_NUMBER_OBJECT_CONVERSION = YES_AGGRESSIVE;
				CLANG_CXX_LANGUAGE_STANDARD = "gnu++14";
				CLANG_CXX_LIBRARY = "libc++";
				CLANG_ENABLE_MODULES = YES;
				CLANG_ENABLE_OBJC_ARC = YES;
				CLANG_ENABLE_OBJC_WEAK = YES;
				CLANG_WARN_BLOCK_CAPTURE_AUTORELEASING = YES;
				CLANG_WARN_BOOL_CONVERSION = YES;
				CLANG_WARN_COMMA = YES;
				CLANG_WARN_CONSTANT_CONVERSION = YES;
				CLANG_WARN_DEPRECATED_OBJC_IMPLEMENTATIONS = YES;
				CLANG_WARN_DIRECT_OBJC_ISA_USAGE = YES_ERROR;
				CLANG_WARN_DOCUMENTATION_COMMENTS = YES;
				CLANG_WARN_EMPTY_BODY = YES;
				CLANG_WARN_ENUM_CONVERSION = YES;
				CLANG_WARN_INFINITE_RECURSION = YES;
				CLANG_WARN_INT_CONVERSION = YES;
				CLANG_WARN_NON_LITERAL_NULL_CONVERSION = YES;
				CLANG_WARN_OBJC_IMPLICIT_RETAIN_SELF = YES;
				CLANG_WARN_OBJC_LITERAL_CONVERSION = YES;
				CLANG_WARN_OBJC_ROOT_CLASS = YES_ERROR;
				CLANG_WARN_RANGE_LOOP_ANALYSIS = YES;
				CLANG_WARN_STRICT_PROTOTYPES = YES;
				CLANG_WARN_SUSPICIOUS_MOVE = YES;
				CLANG_WARN_UNGUARDED_AVAILABILITY = YES_AGGRESSIVE;
				CLANG_WARN_UNREACHABLE_CODE = YES;
				CLANG_WARN__DUPLICATE_METHOD_MATCH = YES;
				CODE_SIGN_IDENTITY = "Mac Developer";
				COPY_PHASE_STRIP = NO;
				DEBUG_INFORMATION_FORMAT = dwarf;
				ENABLE_STRICT_OBJC_MSGSEND = YES;
				ENABLE_TESTABILITY = YES;
				GCC_C_LANGUAGE_STANDARD = gnu11;
				GCC_DYNAMIC_NO_PIC = NO;
				GCC_NO_COMMON_BLOCKS = YES;
				GCC_OPTIMIZATION_LEVEL = 0;
				GCC_PREPROCESSOR_DEFINITIONS = (
					"DEBUG=1",
					"$(inherited)",
				);
				GCC_WARN_64_TO_32_BIT_CONVERSION = YES;
				GCC_WARN_ABOUT_RETURN_TYPE = YES_ERROR;
				GCC_WARN_UNDECLARED_SELECTOR = YES;
				GCC_WARN_UNINITIALIZED_AUTOS = YES_AGGRESSIVE;
				GCC_WARN_UNUSED_FUNCTION = YES;
				GCC_WARN_UNUSED_VARIABLE = YES;
				MACOSX_DEPLOYMENT_TARGET = 10.13;
				MTL_ENABLE_DEBUG_INFO = YES;
				ONLY_ACTIVE_ARCH = YES;
				SDKROOT = macosx;
			};
			name = Debug;
		};
		BB4EB5E32152BB7B0059A003 /* Release */ = {
			isa = XCBuildConfiguration;
			buildSettings = {
				ALWAYS_SEARCH_USER_PATHS = NO;
				CLANG_ANALYZER_NONNULL = YES;
				CLANG_ANALYZER_NUMBER_OBJECT_CONVERSION = YES_AGGRESSIVE;
				CLANG_CXX_LANGUAGE_STANDARD = "gnu++14";
				CLANG_CXX_LIBRARY = "libc++";
				CLANG_ENABLE_MODULES = YES;
				CLANG_ENABLE_OBJC_ARC = YES;
				CLANG_ENABLE_OBJC_WEAK = YES;
				CLANG_WARN_BLOCK_CAPTURE_AUTORELEASING = YES;
				CLANG_WARN_BOOL_CONVERSION = YES;
				CLANG_WARN_COMMA = YES;
				CLANG_WARN_CONSTANT_CONVERSION = YES;
				CLANG_WARN_DEPRECATED_OBJC_IMPLEMENTATIONS = YES;
				CLANG_WARN_DIRECT_OBJC_ISA_USAGE = YES_ERROR;
				CLANG_WARN_DOCUMENTATION_COMMENTS = YES;
				CLANG_WARN_EMPTY_BODY = YES;
				CLANG_WARN_ENUM_CONVERSION = YES;
				CLANG_WARN_INFINITE_RECURSION = YES;
				CLANG_WARN_INT_CONVERSION = YES;
				CLANG_WARN_NON_LITERAL_NULL_CONVERSION = YES;
				CLANG_WARN_OBJC_IMPLICIT_RETAIN_SELF = YES;
				CLANG_WARN_OBJC_LITERAL_CONVERSION = YES;
				CLANG_WARN_OBJC_ROOT_CLASS = YES_ERROR;
				CLANG_WARN_RANGE_LOOP_ANALYSIS = YES;
				CLANG_WARN_STRICT_PROTOTYPES = YES;
				CLANG_WARN_SUSPICIOUS_MOVE = YES;
				CLANG_WARN_UNGUARDED_AVAILABILITY = YES_AGGRESSIVE;
				CLANG_WARN_UNREACHABLE_CODE = YES;
				CLANG_WARN__DUPLICATE_METHOD_MATCH = YES;
				CODE_SIGN_IDENTITY = "Mac Developer";
				COPY_PHASE_STRIP = NO;
				DEBUG_INFORMATION_FORMAT = "dwarf-with-dsym";
				ENABLE_NS_ASSERTIONS = NO;
				ENABLE_STRICT_OBJC_MSGSEND = YES;
				GCC_C_LANGUAGE_STANDARD = gnu11;
				GCC_NO_COMMON_BLOCKS = YES;
				GCC_WARN_64_TO_32_BIT_CONVERSION = YES;
				GCC_WARN_ABOUT_RETURN_TYPE = YES_ERROR;
				GCC_WARN_UNDECLARED_SELECTOR = YES;
				GCC_WARN_UNINITIALIZED_AUTOS = YES_AGGRESSIVE;
				GCC_WARN_UNUSED_FUNCTION = YES;
				GCC_WARN_UNUSED_VARIABLE = YES;
				MACOSX_DEPLOYMENT_TARGET = 10.13;
				MTL_ENABLE_DEBUG_INFO = NO;
				SDKROOT = macosx;
			};
			name = Release;
		};
		BB4EB5E52152BB7B0059A003 /* Debug */ = {
			isa = XCBuildConfiguration;
			buildSettings = {
				"CODE_SIGN_IDENTITY[sdk=macosx*]" = "Apple Development";
				CODE_SIGN_STYLE = Automatic;
				COMBINE_HIDPI_IMAGES = YES;
				DEVELOPMENT_TEAM = 9JYRND24N9;
				INFOPLIST_FILE = NativeFileSOMac/Info.plist;
				INSTALL_PATH = "$(LOCAL_LIBRARY_DIR)/Bundles";
				PRODUCT_BUNDLE_IDENTIFIER = com.keiwando.NativeFileSOMac;
				PRODUCT_NAME = "$(TARGET_NAME)";
				SKIP_INSTALL = YES;
				WRAPPER_EXTENSION = bundle;
			};
			name = Debug;
		};
		BB4EB5E62152BB7B0059A003 /* Release */ = {
			isa = XCBuildConfiguration;
			buildSettings = {
				"CODE_SIGN_IDENTITY[sdk=macosx*]" = "Apple Development";
				CODE_SIGN_STYLE = Automatic;
				COMBINE_HIDPI_IMAGES = YES;
				DEVELOPMENT_TEAM = 9JYRND24N9;
				INFOPLIST_FILE = NativeFileSOMac/Info.plist;
				INSTALL_PATH = "$(LOCAL_LIBRARY_DIR)/Bundles";
				PRODUCT_BUNDLE_IDENTIFIER = com.keiwando.NativeFileSOMac;
				PRODUCT_NAME = "$(TARGET_NAME)";
				SKIP_INSTALL = YES;
				WRAPPER_EXTENSION = bundle;
			};
			name = Release;
		};
/* End XCBuildConfiguration section */

/* Begin XCConfigurationList section */
		BB4EB5D92152BB7A0059A003 /* Build configuration list for PBXProject "NativeFileSOMac" */ = {
			isa = XCConfigurationList;
			buildConfigurations = (
				BB4EB5E22152BB7B0059A003 /* Debug */,
				BB4EB5E32152BB7B0059A003 /* Release */,
			);
			defaultConfigurationIsVisible = 0;
			defaultConfigurationName = Release;
		};
		BB4EB5E42152BB7B0059A003 /* Build configuration list for PBXNativeTarget "NativeFileSOMac" */ = {
			isa = XCConfigurationList;
			buildConfigurations = (
				BB4EB5E52152BB7B0059A003 /* Debug */,
				BB4EB5E62152BB7B0059A003 /* Release */,
			);
			defaultConfigurationIsVisible = 0;
			defaultConfigurationName = Release;
		};
/* End XCConfigurationList section */
	};
	rootObject = BB4EB5D62152BB7A0059A003 /* Project object */;
}
