// !$*UTF8*$!
{
	archiveVersion = 1;
	classes = {
	};
	objectVersion = 50;
	objects = {

/* Begin PBXBuildFile section */
		BB68A6222175DBD600CBCFE5 /* libNativeFileSO.a in CopyFiles */ = {isa = PBXBuildFile; fileRef = BB9ADE0F21732E1800C7C911 /* libNativeFileSO.a */; };
		BB68A6252175E16500CBCFE5 /* NativeFileOpenHandler.m in Sources */ = {isa = PBXBuildFile; fileRef = BB68A6242175E16500CBCFE5 /* NativeFileOpenHandler.m */; };
		BB68A62A2175EC5F00CBCFE5 /* EPPZSwizzler.m in Sources */ = {isa = PBXBuildFile; fileRef = BB68A6292175EC5F00CBCFE5 /* EPPZSwizzler.m */; };
		BB68A62D21766FEF00CBCFE5 /* NativeFileOpenURLBuffer.m in Sources */ = {isa = PBXBuildFile; fileRef = BB68A62C21766FEF00CBCFE5 /* NativeFileOpenURLBuffer.m */; };
		BB9ADE1421732E1800C7C911 /* NativeFileSO.m in Sources */ = {isa = PBXBuildFile; fileRef = BB9ADE1321732E1800C7C911 /* NativeFileSO.m */; };
		BB9ADE1521732E1800C7C911 /* NativeFileSO.h in CopyFiles */ = {isa = PBXBuildFile; fileRef = BB9ADE1221732E1800C7C911 /* NativeFileSO.h */; };
		BB9ADE1C21732EEA00C7C911 /* Plugin.mm in Sources */ = {isa = PBXBuildFile; fileRef = BB9ADE1B21732EEA00C7C911 /* Plugin.mm */; };
/* End PBXBuildFile section */

/* Begin PBXCopyFilesBuildPhase section */
		BB68A6212175DA3600CBCFE5 /* CopyFiles */ = {
			isa = PBXCopyFilesBuildPhase;
			buildActionMask = 2147483647;
			dstPath = "$(PROJECT_DIR)/../../../Assets/Plugins/iOS";
			dstSubfolderSpec = 0;
			files = (
				BB68A6222175DBD600CBCFE5 /* libNativeFileSO.a in CopyFiles */,
			);
			runOnlyForDeploymentPostprocessing = 0;
		};
		BB9ADE0D21732E1800C7C911 /* CopyFiles */ = {
			isa = PBXCopyFilesBuildPhase;
			buildActionMask = 2147483647;
			dstPath = "include/$(PRODUCT_NAME)";
			dstSubfolderSpec = 16;
			files = (
				BB9ADE1521732E1800C7C911 /* NativeFileSO.h in CopyFiles */,
			);
			runOnlyForDeploymentPostprocessing = 0;
		};
/* End PBXCopyFilesBuildPhase section */

/* Begin PBXFileReference section */
		BB68A6232175E12500CBCFE5 /* NativeFileOpenHandler.h */ = {isa = PBXFileReference; lastKnownFileType = sourcecode.c.h; path = NativeFileOpenHandler.h; sourceTree = "<group>"; };
		BB68A6242175E16500CBCFE5 /* NativeFileOpenHandler.m */ = {isa = PBXFileReference; lastKnownFileType = sourcecode.c.objc; path = NativeFileOpenHandler.m; sourceTree = "<group>"; };
		BB68A6272175EC0F00CBCFE5 /* LICENSE */ = {isa = PBXFileReference; lastKnownFileType = text; path = LICENSE; sourceTree = "<group>"; };
		BB68A6282175EC3900CBCFE5 /* EPPZSwizzler.h */ = {isa = PBXFileReference; lastKnownFileType = sourcecode.c.h; path = EPPZSwizzler.h; sourceTree = "<group>"; };
		BB68A6292175EC5F00CBCFE5 /* EPPZSwizzler.m */ = {isa = PBXFileReference; lastKnownFileType = sourcecode.c.objc; path = EPPZSwizzler.m; sourceTree = "<group>"; };
		BB68A62B21766EA300CBCFE5 /* NativeFileOpenURLBuffer.h */ = {isa = PBXFileReference; lastKnownFileType = sourcecode.c.h; path = NativeFileOpenURLBuffer.h; sourceTree = "<group>"; };
		BB68A62C21766FEF00CBCFE5 /* NativeFileOpenURLBuffer.m */ = {isa = PBXFileReference; lastKnownFileType = sourcecode.c.objc; path = NativeFileOpenURLBuffer.m; sourceTree = "<group>"; };
		BB9ADE0F21732E1800C7C911 /* libNativeFileSO.a */ = {isa = PBXFileReference; explicitFileType = archive.ar; includeInIndex = 0; path = libNativeFileSO.a; sourceTree = BUILT_PRODUCTS_DIR; };
		BB9ADE1221732E1800C7C911 /* NativeFileSO.h */ = {isa = PBXFileReference; lastKnownFileType = sourcecode.c.h; path = NativeFileSO.h; sourceTree = "<group>"; };
		BB9ADE1321732E1800C7C911 /* NativeFileSO.m */ = {isa = PBXFileReference; lastKnownFileType = sourcecode.c.objc; path = NativeFileSO.m; sourceTree = "<group>"; };
		BB9ADE1B21732EEA00C7C911 /* Plugin.mm */ = {isa = PBXFileReference; lastKnownFileType = sourcecode.cpp.objcpp; path = Plugin.mm; sourceTree = "<group>"; };
/* End PBXFileReference section */

/* Begin PBXFrameworksBuildPhase section */
		BB9ADE0C21732E1800C7C911 /* Frameworks */ = {
			isa = PBXFrameworksBuildPhase;
			buildActionMask = 2147483647;
			files = (
			);
			runOnlyForDeploymentPostprocessing = 0;
		};
/* End PBXFrameworksBuildPhase section */

/* Begin PBXGroup section */
		BB68A6262175EC0000CBCFE5 /* EPPZSwizzler */ = {
			isa = PBXGroup;
			children = (
				BB68A6272175EC0F00CBCFE5 /* LICENSE */,
				BB68A6282175EC3900CBCFE5 /* EPPZSwizzler.h */,
				BB68A6292175EC5F00CBCFE5 /* EPPZSwizzler.m */,
			);
			path = EPPZSwizzler;
			sourceTree = "<group>";
		};
		BB9ADE0621732E1800C7C911 = {
			isa = PBXGroup;
			children = (
				BB9ADE1121732E1800C7C911 /* NativeFileSO */,
				BB9ADE1021732E1800C7C911 /* Products */,
			);
			sourceTree = "<group>";
		};
		BB9ADE1021732E1800C7C911 /* Products */ = {
			isa = PBXGroup;
			children = (
				BB9ADE0F21732E1800C7C911 /* libNativeFileSO.a */,
			);
			name = Products;
			sourceTree = "<group>";
		};
		BB9ADE1121732E1800C7C911 /* NativeFileSO */ = {
			isa = PBXGroup;
			children = (
				BB68A6262175EC0000CBCFE5 /* EPPZSwizzler */,
				BB9ADE1221732E1800C7C911 /* NativeFileSO.h */,
				BB9ADE1321732E1800C7C911 /* NativeFileSO.m */,
				BB9ADE1B21732EEA00C7C911 /* Plugin.mm */,
				BB68A6232175E12500CBCFE5 /* NativeFileOpenHandler.h */,
				BB68A6242175E16500CBCFE5 /* NativeFileOpenHandler.m */,
				BB68A62B21766EA300CBCFE5 /* NativeFileOpenURLBuffer.h */,
				BB68A62C21766FEF00CBCFE5 /* NativeFileOpenURLBuffer.m */,
			);
			path = NativeFileSO;
			sourceTree = "<group>";
		};
/* End PBXGroup section */

/* Begin PBXNativeTarget section */
		BB9ADE0E21732E1800C7C911 /* NativeFileSO */ = {
			isa = PBXNativeTarget;
			buildConfigurationList = BB9ADE1821732E1800C7C911 /* Build configuration list for PBXNativeTarget "NativeFileSO" */;
			buildPhases = (
				BB9ADE0B21732E1800C7C911 /* Sources */,
				BB9ADE0C21732E1800C7C911 /* Frameworks */,
				BB9ADE0D21732E1800C7C911 /* CopyFiles */,
				BB68A6212175DA3600CBCFE5 /* CopyFiles */,
			);
			buildRules = (
			);
			dependencies = (
			);
			name = NativeFileSO;
			productName = NativeFileSO;
			productReference = BB9ADE0F21732E1800C7C911 /* libNativeFileSO.a */;
			productType = "com.apple.product-type.library.static";
		};
/* End PBXNativeTarget section */

/* Begin PBXProject section */
		BB9ADE0721732E1800C7C911 /* Project object */ = {
			isa = PBXProject;
			attributes = {
				LastUpgradeCheck = 1000;
				ORGANIZATIONNAME = "Keiwan Donyagard";
				TargetAttributes = {
					BB9ADE0E21732E1800C7C911 = {
						CreatedOnToolsVersion = 10.0;
					};
				};
			};
			buildConfigurationList = BB9ADE0A21732E1800C7C911 /* Build configuration list for PBXProject "NativeFileSO" */;
			compatibilityVersion = "Xcode 9.3";
			developmentRegion = en;
			hasScannedForEncodings = 0;
			knownRegions = (
				en,
			);
			mainGroup = BB9ADE0621732E1800C7C911;
			productRefGroup = BB9ADE1021732E1800C7C911 /* Products */;
			projectDirPath = "";
			projectRoot = "";
			targets = (
				BB9ADE0E21732E1800C7C911 /* NativeFileSO */,
			);
		};
/* End PBXProject section */

/* Begin PBXSourcesBuildPhase section */
		BB9ADE0B21732E1800C7C911 /* Sources */ = {
			isa = PBXSourcesBuildPhase;
			buildActionMask = 2147483647;
			files = (
				BB68A62D21766FEF00CBCFE5 /* NativeFileOpenURLBuffer.m in Sources */,
				BB9ADE1C21732EEA00C7C911 /* Plugin.mm in Sources */,
				BB68A6252175E16500CBCFE5 /* NativeFileOpenHandler.m in Sources */,
				BB68A62A2175EC5F00CBCFE5 /* EPPZSwizzler.m in Sources */,
				BB9ADE1421732E1800C7C911 /* NativeFileSO.m in Sources */,
			);
			runOnlyForDeploymentPostprocessing = 0;
		};
/* End PBXSourcesBuildPhase section */

/* Begin XCBuildConfiguration section */
		BB9ADE1621732E1800C7C911 /* Debug */ = {
			isa = XCBuildConfiguration;
			buildSettings = {
				ALWAYS_SEARCH_USER_PATHS = NO;
				CLANG_ANALYZER_NONNULL = YES;
				CLANG_ANALYZER_NUMBER_OBJECT_CONVERSION = YES_AGGRESSIVE;
				CLANG_CXX_LANGUAGE_STANDARD = "gnu++14";
				CLANG_CXX_LIBRARY = "libc++";
				CLANG_ENABLE_MODULES = YES;
				CLANG_ENABLE_OBJC_ARC = YES;
				CLANG_ENABLE_OBJC_WEAK = YES;
				CLANG_WARN_BLOCK_CAPTURE_AUTORELEASING = YES;
				CLANG_WARN_BOOL_CONVERSION = YES;
				CLANG_WARN_COMMA = YES;
				CLANG_WARN_CONSTANT_CONVERSION = YES;
				CLANG_WARN_DEPRECATED_OBJC_IMPLEMENTATIONS = YES;
				CLANG_WARN_DIRECT_OBJC_ISA_USAGE = YES_ERROR;
				CLANG_WARN_DOCUMENTATION_COMMENTS = YES;
				CLANG_WARN_EMPTY_BODY = YES;
				CLANG_WARN_ENUM_CONVERSION = YES;
				CLANG_WARN_INFINITE_RECURSION = YES;
				CLANG_WARN_INT_CONVERSION = YES;
				CLANG_WARN_NON_LITERAL_NULL_CONVERSION = YES;
				CLANG_WARN_OBJC_IMPLICIT_RETAIN_SELF = YES;
				CLANG_WARN_OBJC_LITERAL_CONVERSION = YES;
				CLANG_WARN_OBJC_ROOT_CLASS = YES_ERROR;
				CLANG_WARN_RANGE_LOOP_ANALYSIS = YES;
				CLANG_WARN_STRICT_PROTOTYPES = YES;
				CLANG_WARN_SUSPICIOUS_MOVE = YES;
				CLANG_WARN_UNGUARDED_AVAILABILITY = YES_AGGRESSIVE;
				CLANG_WARN_UNREACHABLE_CODE = YES;
				CLANG_WARN__DUPLICATE_METHOD_MATCH = YES;
				CODE_SIGN_IDENTITY = "iPhone Developer";
				COPY_PHASE_STRIP = NO;
				DEBUG_INFORMATION_FORMAT = dwarf;
				ENABLE_STRICT_OBJC_MSGSEND = YES;
				ENABLE_TESTABILITY = YES;
				GCC_C_LANGUAGE_STANDARD = gnu11;
				GCC_DYNAMIC_NO_PIC = NO;
				GCC_NO_COMMON_BLOCKS = YES;
				GCC_OPTIMIZATION_LEVEL = 0;
				GCC_PREPROCESSOR_DEFINITIONS = (
					"DEBUG=1",
					"$(inherited)",
				);
				GCC_WARN_64_TO_32_BIT_CONVERSION = YES;
				GCC_WARN_ABOUT_RETURN_TYPE = YES_ERROR;
				GCC_WARN_UNDECLARED_SELECTOR = YES;
				GCC_WARN_UNINITIALIZED_AUTOS = YES_AGGRESSIVE;
				GCC_WARN_UNUSED_FUNCTION = YES;
				GCC_WARN_UNUSED_VARIABLE = YES;
				IPHONEOS_DEPLOYMENT_TARGET = 12.0;
				MTL_ENABLE_DEBUG_INFO = INCLUDE_SOURCE;
				MTL_FAST_MATH = YES;
				ONLY_ACTIVE_ARCH = YES;
				SDKROOT = iphoneos;
			};
			name = Debug;
		};
		BB9ADE1721732E1800C7C911 /* Release */ = {
			isa = XCBuildConfiguration;
			buildSettings = {
				ALWAYS_SEARCH_USER_PATHS = NO;
				CLANG_ANALYZER_NONNULL = YES;
				CLANG_ANALYZER_NUMBER_OBJECT_CONVERSION = YES_AGGRESSIVE;
				CLANG_CXX_LANGUAGE_STANDARD = "gnu++14";
				CLANG_CXX_LIBRARY = "libc++";
				CLANG_ENABLE_MODULES = YES;
				CLANG_ENABLE_OBJC_ARC = YES;
				CLANG_ENABLE_OBJC_WEAK = YES;
				CLANG_WARN_BLOCK_CAPTURE_AUTORELEASING = YES;
				CLANG_WARN_BOOL_CONVERSION = YES;
				CLANG_WARN_COMMA = YES;
				CLANG_WARN_CONSTANT_CONVERSION = YES;
				CLANG_WARN_DEPRECATED_OBJC_IMPLEMENTATIONS = YES;
				CLANG_WARN_DIRECT_OBJC_ISA_USAGE = YES_ERROR;
				CLANG_WARN_DOCUMENTATION_COMMENTS = YES;
				CLANG_WARN_EMPTY_BODY = YES;
				CLANG_WARN_ENUM_CONVERSION = YES;
				CLANG_WARN_INFINITE_RECURSION = YES;
				CLANG_WARN_INT_CONVERSION = YES;
				CLANG_WARN_NON_LITERAL_NULL_CONVERSION = YES;
				CLANG_WARN_OBJC_IMPLICIT_RETAIN_SELF = YES;
				CLANG_WARN_OBJC_LITERAL_CONVERSION = YES;
				CLANG_WARN_OBJC_ROOT_CLASS = YES_ERROR;
				CLANG_WARN_RANGE_LOOP_ANALYSIS = YES;
				CLANG_WARN_STRICT_PROTOTYPES = YES;
				CLANG_WARN_SUSPICIOUS_MOVE = YES;
				CLANG_WARN_UNGUARDED_AVAILABILITY = YES_AGGRESSIVE;
				CLANG_WARN_UNREACHABLE_CODE = YES;
				CLANG_WARN__DUPLICATE_METHOD_MATCH = YES;
				CODE_SIGN_IDENTITY = "iPhone Developer";
				COPY_PHASE_STRIP = NO;
				DEBUG_INFORMATION_FORMAT = "dwarf-with-dsym";
				ENABLE_NS_ASSERTIONS = NO;
				ENABLE_STRICT_OBJC_MSGSEND = YES;
				GCC_C_LANGUAGE_STANDARD = gnu11;
				GCC_NO_COMMON_BLOCKS = YES;
				GCC_WARN_64_TO_32_BIT_CONVERSION = YES;
				GCC_WARN_ABOUT_RETURN_TYPE = YES_ERROR;
				GCC_WARN_UNDECLARED_SELECTOR = YES;
				GCC_WARN_UNINITIALIZED_AUTOS = YES_AGGRESSIVE;
				GCC_WARN_UNUSED_FUNCTION = YES;
				GCC_WARN_UNUSED_VARIABLE = YES;
				IPHONEOS_DEPLOYMENT_TARGET = 12.0;
				MTL_ENABLE_DEBUG_INFO = NO;
				MTL_FAST_MATH = YES;
				SDKROOT = iphoneos;
				VALIDATE_PRODUCT = YES;
			};
			name = Release;
		};
		BB9ADE1921732E1800C7C911 /* Debug */ = {
			isa = XCBuildConfiguration;
			buildSettings = {
				CODE_SIGN_STYLE = Automatic;
				DEVELOPMENT_TEAM = ERZXMZEK56;
				OTHER_LDFLAGS = "-ObjC";
				PRODUCT_NAME = "$(TARGET_NAME)";
				SKIP_INSTALL = YES;
				TARGETED_DEVICE_FAMILY = "1,2";
			};
			name = Debug;
		};
		BB9ADE1A21732E1800C7C911 /* Release */ = {
			isa = XCBuildConfiguration;
			buildSettings = {
				CODE_SIGN_STYLE = Automatic;
				DEVELOPMENT_TEAM = ERZXMZEK56;
				OTHER_LDFLAGS = "-ObjC";
				PRODUCT_NAME = "$(TARGET_NAME)";
				SKIP_INSTALL = YES;
				TARGETED_DEVICE_FAMILY = "1,2";
			};
			name = Release;
		};
/* End XCBuildConfiguration section */

/* Begin XCConfigurationList section */
		BB9ADE0A21732E1800C7C911 /* Build configuration list for PBXProject "NativeFileSO" */ = {
			isa = XCConfigurationList;
			buildConfigurations = (
				BB9ADE1621732E1800C7C911 /* Debug */,
				BB9ADE1721732E1800C7C911 /* Release */,
			);
			defaultConfigurationIsVisible = 0;
			defaultConfigurationName = Release;
		};
		BB9ADE1821732E1800C7C911 /* Build configuration list for PBXNativeTarget "NativeFileSO" */ = {
			isa = XCConfigurationList;
			buildConfigurations = (
				BB9ADE1921732E1800C7C911 /* Debug */,
				BB9ADE1A21732E1800C7C911 /* Release */,
			);
			defaultConfigurationIsVisible = 0;
			defaultConfigurationName = Release;
		};
/* End XCConfigurationList section */
	};
	rootObject = BB9ADE0721732E1800C7C911 /* Project object */;
}
